github.com/gabrielluizsf/goxios v0.0.0-20240409170933-c504f9d8ce3a h1:LqbCsKoc7xqceBrQvmlJkqQceX5+2tLvnpvwo8ksYY4=
github.com/gabrielluizsf/goxios v0.0.0-20240409170933-c504f9d8ce3a/go.mod h1:ouuhy9EjpAH27GWz6+VlZfX30XnZGo6RWIefybOgg7Y=
github.com/gabrielluizsf/goxios v0.0.0-20240412112803-b44abc9da8c7 h1:lrkS0KhEWnoHcnsLx6G5FmEm8f6c/OgX7pbvLbKqgDs=
github.com/gabrielluizsf/goxios v0.0.0-20240412112803-b44abc9da8c7/go.mod h1:ouuhy9EjpAH27GWz6+VlZfX30XnZGo6RWIefybOgg7Y=
